
Microsoft Visual Studio Solution File, Format Version 12.00
# Visual Studio 14
VisualStudioVersion = 14.0.24720.0
MinimumVisualStudioVersion = 10.0.40219.1
Project("{FAE04EC0-301F-11D3-BF4B-00C04F79EFBC}") = "WebSite.Web", "WebSite.Portal\WebSite.Web.csproj", "{79475323-EDA7-4CA2-A987-BF067E4DECD2}"
EndProject
Project("{FAE04EC0-301F-11D3-BF4B-00C04F79EFBC}") = "WebSite.Data", "WebSite.Data\WebSite.Data.csproj", "{C4A7086A-27C4-4606-89D8-E700EB9B0171}"
EndProject
Project("{FAE04EC0-301F-11D3-BF4B-00C04F79EFBC}") = "WebSite.EntityFramework", "WebSite.EntityFramework\WebSite.EntityFramework.csproj", "{15855836-BC0F-4CED-9D11-93B741BF90FA}"
EndProject
Project("{FAE04EC0-301F-11D3-BF4B-00C04F79EFBC}") = "WebSite.Tests", "WebSite.Tests\WebSite.Tests.csproj", "{31FEE048-986D-4DA8-9A65-D34950486683}"
EndProject
Global
	GlobalSection(SolutionConfigurationPlatforms) = preSolution
		Debug|Any CPU = Debug|Any CPU
		Release|Any CPU = Release|Any CPU
	EndGlobalSection
	GlobalSection(ProjectConfigurationPlatforms) = postSolution
		{79475323-EDA7-4CA2-A987-BF067E4DECD2}.Debug|Any CPU.ActiveCfg = Debug|Any CPU
		{79475323-EDA7-4CA2-A987-BF067E4DECD2}.Debug|Any CPU.Build.0 = Debug|Any CPU
		{79475323-EDA7-4CA2-A987-BF067E4DECD2}.Release|Any CPU.ActiveCfg = Release|Any CPU
		{79475323-EDA7-4CA2-A987-BF067E4DECD2}.Release|Any CPU.Build.0 = Release|Any CPU
		{C4A7086A-27C4-4606-89D8-E700EB9B0171}.Debug|Any CPU.ActiveCfg = Debug|Any CPU
		{C4A7086A-27C4-4606-89D8-E700EB9B0171}.Debug|Any CPU.Build.0 = Debug|Any CPU
		{C4A7086A-27C4-4606-89D8-E700EB9B0171}.Release|Any CPU.ActiveCfg = Release|Any CPU
		{C4A7086A-27C4-4606-89D8-E700EB9B0171}.Release|Any CPU.Build.0 = Release|Any CPU
		{15855836-BC0F-4CED-9D11-93B741BF90FA}.Debug|Any CPU.ActiveCfg = Debug|Any CPU
		{15855836-BC0F-4CED-9D11-93B741BF90FA}.Debug|Any CPU.Build.0 = Debug|Any CPU
		{15855836-BC0F-4CED-9D11-93B741BF90FA}.Release|Any CPU.ActiveCfg = Release|Any CPU
		{15855836-BC0F-4CED-9D11-93B741BF90FA}.Release|Any CPU.Build.0 = Release|Any CPU
		{31FEE048-986D-4DA8-9A65-D34950486683}.Debug|Any CPU.ActiveCfg = Debug|Any CPU
		{31FEE048-986D-4DA8-9A65-D34950486683}.Debug|Any CPU.Build.0 = Debug|Any CPU
		{31FEE048-986D-4DA8-9A65-D34950486683}.Release|Any CPU.ActiveCfg = Release|Any CPU
		{31FEE048-986D-4DA8-9A65-D34950486683}.Release|Any CPU.Build.0 = Release|Any CPU
	EndGlobalSection
	GlobalSection(SolutionProperties) = preSolution
		HideSolutionNode = FALSE
	EndGlobalSection
EndGlobal
